# This file is autogenerated, do not edit; changes may be undone by the next 'dep ensure'.


[[projects]]
  branch = "master"
  name = "github.com/gobs/pretty"
  packages = ["."]
  revision = "09732c25a95b8e10e85177a3201cf4c7fe35a377"

[[projects]]
  name = "github.com/smartystreets/go-aws-auth"
  packages = ["."]
  revision = "8ef1316913ee4f44bc48c2456e44a5c1c68ea53b"
  version = "1.0.0"

[solve-meta]
  analyzer-name = "dep"
  analyzer-version = 1
  inputs-digest = "05cbcb3b39ff02dd8031d164883679b15b435463c1ce5ac203a0a415bb429883"
  solver-name = "gps-cdcl"
  solver-version = 1
